{
    "_readme": [
        "This file locks the dependencies of your project to a known state",
        "Read more about it at https://getcomposer.org/doc/01-basic-usage.md#composer-lock-the-lock-file",
        "This file is @generated automatically"
    ],
    "hash": "0946851370b2c1ca24bc06d53ee118bf",
    "content-hash": "7459ceaaf1c3ce96a2d778b5148c9c93",
    "packages": [
        {
            "name": "phpzm/core",
            "version": "0.0.5",
            "source": {
                "type": "git",
                "url": "https://github.com/phpzm/core.git",
                "reference": "d87089e99c9d996054adb602143aca73e10be5e0"
            },
            "dist": {
                "type": "zip",
                "url": "https://api.github.com/repos/phpzm/core/zipball/d87089e99c9d996054adb602143aca73e10be5e0",
                "reference": "d87089e99c9d996054adb602143aca73e10be5e0",
                "shasum": ""
            },
            "require": {
                "php": ">=5.5.0"
            },
            "type": "package",
            "autoload": {
                "psr-4": {
                    "Simples\\Core\\": "src/"
                },
                "files": [
                    "bootstrap/index.php"
                ]
            },
            "notification-url": "https://packagist.org/downloads/",
            "license": [
                "MIT"
            ],
            "authors": [
                {
                    "name": "William",
                    "email": "wilcorrea@gmail.com",
                    "homepage": "https://simples.cloud",
                    "role": "Developer"
                }
            ],
            "description": "Simples Core package",
            "homepage": "https://github.com/phpzm/core",
            "keywords": [
                "api",
                "gennesis.io",
                "micro service",
                "php",
                "resource"
            ],
            "time": "2016-11-01 02:26:00"
        }
    ],
    "packages-dev": [],
    "aliases": [],
    "minimum-stability": "dev",
    "stability-flags": [],
    "prefer-stable": false,
    "prefer-lowest": false,
    "platform": [],
    "platform-dev": []
}
